{
  "name": "sunnyside",
  "lockfileVersion": 3,
  "requires": true,
  "packages": {
    "": {
      "dependencies": {
        "@a11d/api": "^0.3.2",
        "@a11d/api-dotnet": "^0.0.10"
      }
    },
    "node_modules/@a11d/api": {
      "version": "0.3.2",
      "resolved": "https://registry.npmjs.org/@a11d/api/-/api-0.3.2.tgz",
      "integrity": "sha512-kl3s/tO2IMsEe6OO03URdYViY7OX+QnysnSk031Z85MMS/9G/D4zfvlsRg5Xb8s8UXR1AA2e0h/UKjSe4UFfRw==",
      "license": "MIT",
      "dependencies": {
        "@a11d/constructor": "x"
      }
    },
    "node_modules/@a11d/api-dotnet": {
      "version": "0.0.10",
      "resolved": "https://registry.npmjs.org/@a11d/api-dotnet/-/api-dotnet-0.0.10.tgz",
      "integrity": "sha512-TiPWPmS2knnlvG4SCEyW9Sr6FfnDGm7rN//7Ufl7eZ6Q5UJpuk7jjT19qtIIukW2tOutj/XcAVnd30tDYZzW6A==",
      "license": "MIT",
      "dependencies": {
        "@a11d/api": "x",
        "@a11d/api-model-value-constructor": "x"
      }
    },
    "node_modules/@a11d/api-model-value-constructor": {
      "version": "1.0.4",
      "resolved": "https://registry.npmjs.org/@a11d/api-model-value-constructor/-/api-model-value-constructor-1.0.4.tgz",
      "integrity": "sha512-XpChZiqiw9RrnQ8tkRoHozgD/L/vH+cTeOHRhjkTY2pe427xTyl+w2XFVo9D7e9oN2wS5ewmr8BszorEQbuDwQ==",
      "license": "MIT",
      "dependencies": {
        "@a11d/api": "x",
        "@a11d/constructor": "x",
        "@a11d/is-writable": "x"
      }
    },
    "node_modules/@a11d/constructor": {
      "version": "0.1.0",
      "resolved": "https://registry.npmjs.org/@a11d/constructor/-/constructor-0.1.0.tgz",
      "integrity": "sha512-4oSyyY+nHd/NesVmcncaqbQ2TL1Z9tzZurFFBtjzVnyyJ7ntWsBKw/AHsXEggM5c/SUhMXQ50mcyy0+YJ7ZVTw==",
      "license": "MIT"
    },
    "node_modules/@a11d/is-writable": {
      "version": "1.0.1",
      "resolved": "https://registry.npmjs.org/@a11d/is-writable/-/is-writable-1.0.1.tgz",
      "integrity": "sha512-MH9X/CAU7a2dxNAq3wz5gvNJKEW+YSqXRvsnCJvn05pAgYKUjTyOiC60qA1CUBAAfQykb+OKTGItpGCDAQqaqA==",
      "license": "MIT"
    }
  }
}
